// !$*UTF8*$!
{
	archiveVersion = 1;
	classes = {
	};
	objectVersion = 46;
	objects = {

/* Begin PBXBuildFile section */
		4EA8568E1D8BAA04009ABB40 /* AppDelegate.swift in Sources */ = {isa = PBXBuildFile; fileRef = 4EA8568D1D8BAA04009ABB40 /* AppDelegate.swift */; };
		4EA856901D8BAA04009ABB40 /* MasterViewController.swift in Sources */ = {isa = PBXBuildFile; fileRef = 4EA8568F1D8BAA04009ABB40 /* MasterViewController.swift */; };
		4EA856921D8BAA04009ABB40 /* DetailViewController.swift in Sources */ = {isa = PBXBuildFile; fileRef = 4EA856911D8BAA04009ABB40 /* DetailViewController.swift */; };
		4EA856951D8BAA04009ABB40 /* Main.storyboard in Resources */ = {isa = PBXBuildFile; fileRef = 4EA856931D8BAA04009ABB40 /* Main.storyboard */; };
		4EA856971D8BAA04009ABB40 /* Assets.xcassets in Resources */ = {isa = PBXBuildFile; fileRef = 4EA856961D8BAA04009ABB40 /* Assets.xcassets */; };
		4EA8569A1D8BAA04009ABB40 /* LaunchScreen.storyboard in Resources */ = {isa = PBXBuildFile; fileRef = 4EA856981D8BAA04009ABB40 /* LaunchScreen.storyboard */; };
		4EA856A51D8BAA04009ABB40 /* MDTestTests.swift in Sources */ = {isa = PBXBuildFile; fileRef = 4EA856A41D8BAA04009ABB40 /* MDTestTests.swift */; };
		4EA856B01D8BAA04009ABB40 /* MDTestUITests.swift in Sources */ = {isa = PBXBuildFile; fileRef = 4EA856AF1D8BAA04009ABB40 /* MDTestUITests.swift */; };
/* End PBXBuildFile section */

/* Begin PBXContainerItemProxy section */
		4EA856A11D8BAA04009ABB40 /* PBXContainerItemProxy */ = {
			isa = PBXContainerItemProxy;
			containerPortal = 4EA856821D8BAA04009ABB40 /* Project object */;
			proxyType = 1;
			remoteGlobalIDString = 4EA856891D8BAA04009ABB40;
			remoteInfo = MDTest;
		};
		4EA856AC1D8BAA04009ABB40 /* PBXContainerItemProxy */ = {
			isa = PBXContainerItemProxy;
			containerPortal = 4EA856821D8BAA04009ABB40 /* Project object */;
			proxyType = 1;
			remoteGlobalIDString = 4EA856891D8BAA04009ABB40;
			remoteInfo = MDTest;
		};
/* End PBXContainerItemProxy section */

/* Begin PBXFileReference section */
		4EA8568A1D8BAA04009ABB40 /* MDTest.app */ = {isa = PBXFileReference; explicitFileType = wrapper.application; includeInIndex = 0; path = MDTest.app; sourceTree = BUILT_PRODUCTS_DIR; };
		4EA8568D1D8BAA04009ABB40 /* AppDelegate.swift */ = {isa = PBXFileReference; lastKnownFileType = sourcecode.swift; path = AppDelegate.swift; sourceTree = "<group>"; };
		4EA8568F1D8BAA04009ABB40 /* MasterViewController.swift */ = {isa = PBXFileReference; lastKnownFileType = sourcecode.swift; path = MasterViewController.swift; sourceTree = "<group>"; };
		4EA856911D8BAA04009ABB40 /* DetailViewController.swift */ = {isa = PBXFileReference; lastKnownFileType = sourcecode.swift; path = DetailViewController.swift; sourceTree = "<group>"; };
		4EA856941D8BAA04009ABB40 /* Base */ = {isa = PBXFileReference; lastKnownFileType = file.storyboard; name = Base; path = Base.lproj/Main.storyboard; sourceTree = "<group>"; };
		4EA856961D8BAA04009ABB40 /* Assets.xcassets */ = {isa = PBXFileReference; lastKnownFileType = folder.assetcatalog; path = Assets.xcassets; sourceTree = "<group>"; };
		4EA856991D8BAA04009ABB40 /* Base */ = {isa = PBXFileReference; lastKnownFileType = file.storyboard; name = Base; path = Base.lproj/LaunchScreen.storyboard; sourceTree = "<group>"; };
		4EA8569B1D8BAA04009ABB40 /* Info.plist */ = {isa = PBXFileReference; lastKnownFileType = text.plist.xml; path = Info.plist; sourceTree = "<group>"; };
		4EA856A01D8BAA04009ABB40 /* MDTestTests.xctest */ = {isa = PBXFileReference; explicitFileType = wrapper.cfbundle; includeInIndex = 0; path = MDTestTests.xctest; sourceTree = BUILT_PRODUCTS_DIR; };
		4EA856A41D8BAA04009ABB40 /* MDTestTests.swift */ = {isa = PBXFileReference; lastKnownFileType = sourcecode.swift; path = MDTestTests.swift; sourceTree = "<group>"; };
		4EA856A61D8BAA04009ABB40 /* Info.plist */ = {isa = PBXFileReference; lastKnownFileType = text.plist.xml; path = Info.plist; sourceTree = "<group>"; };
		4EA856AB1D8BAA04009ABB40 /* MDTestUITests.xctest */ = {isa = PBXFileReference; explicitFileType = wrapper.cfbundle; includeInIndex = 0; path = MDTestUITests.xctest; sourceTree = BUILT_PRODUCTS_DIR; };
		4EA856AF1D8BAA04009ABB40 /* MDTestUITests.swift */ = {isa = PBXFileReference; lastKnownFileType = sourcecode.swift; path = MDTestUITests.swift; sourceTree = "<group>"; };
		4EA856B11D8BAA04009ABB40 /* Info.plist */ = {isa = PBXFileReference; lastKnownFileType = text.plist.xml; path = Info.plist; sourceTree = "<group>"; };
/* End PBXFileReference section */

/* Begin PBXFrameworksBuildPhase section */
		4EA856871D8BAA04009ABB40 /* Frameworks */ = {
			isa = PBXFrameworksBuildPhase;
			buildActionMask = 2147483647;
			files = (
			);
			runOnlyForDeploymentPostprocessing = 0;
		};
		4EA8569D1D8BAA04009ABB40 /* Frameworks */ = {
			isa = PBXFrameworksBuildPhase;
			buildActionMask = 2147483647;
			files = (
			);
			runOnlyForDeploymentPostprocessing = 0;
		};
		4EA856A81D8BAA04009ABB40 /* Frameworks */ = {
			isa = PBXFrameworksBuildPhase;
			buildActionMask = 2147483647;
			files = (
			);
			runOnlyForDeploymentPostprocessing = 0;
		};
/* End PBXFrameworksBuildPhase section */

/* Begin PBXGroup section */
		4EA856811D8BAA04009ABB40 = {
			isa = PBXGroup;
			children = (
				4EA8568C1D8BAA04009ABB40 /* MDTest */,
				4EA856A31D8BAA04009ABB40 /* MDTestTests */,
				4EA856AE1D8BAA04009ABB40 /* MDTestUITests */,
				4EA8568B1D8BAA04009ABB40 /* Products */,
			);
			sourceTree = "<group>";
		};
		4EA8568B1D8BAA04009ABB40 /* Products */ = {
			isa = PBXGroup;
			children = (
				4EA8568A1D8BAA04009ABB40 /* MDTest.app */,
				4EA856A01D8BAA04009ABB40 /* MDTestTests.xctest */,
				4EA856AB1D8BAA04009ABB40 /* MDTestUITests.xctest */,
			);
			name = Products;
			sourceTree = "<group>";
		};
		4EA8568C1D8BAA04009ABB40 /* MDTest */ = {
			isa = PBXGroup;
			children = (
				4EA8568D1D8BAA04009ABB40 /* AppDelegate.swift */,
				4EA8568F1D8BAA04009ABB40 /* MasterViewController.swift */,
				4EA856911D8BAA04009ABB40 /* DetailViewController.swift */,
				4EA856931D8BAA04009ABB40 /* Main.storyboard */,
				4EA856961D8BAA04009ABB40 /* Assets.xcassets */,
				4EA856981D8BAA04009ABB40 /* LaunchScreen.storyboard */,
				4EA8569B1D8BAA04009ABB40 /* Info.plist */,
			);
			path = MDTest;
			sourceTree = "<group>";
		};
		4EA856A31D8BAA04009ABB40 /* MDTestTests */ = {
			isa = PBXGroup;
			children = (
				4EA856A41D8BAA04009ABB40 /* MDTestTests.swift */,
				4EA856A61D8BAA04009ABB40 /* Info.plist */,
			);
			path = MDTestTests;
			sourceTree = "<group>";
		};
		4EA856AE1D8BAA04009ABB40 /* MDTestUITests */ = {
			isa = PBXGroup;
			children = (
				4EA856AF1D8BAA04009ABB40 /* MDTestUITests.swift */,
				4EA856B11D8BAA04009ABB40 /* Info.plist */,
			);
			path = MDTestUITests;
			sourceTree = "<group>";
		};
/* End PBXGroup section */

/* Begin PBXNativeTarget section */
		4EA856891D8BAA04009ABB40 /* MDTest */ = {
			isa = PBXNativeTarget;
			buildConfigurationList = 4EA856B41D8BAA04009ABB40 /* Build configuration list for PBXNativeTarget "MDTest" */;
			buildPhases = (
				4EA856861D8BAA04009ABB40 /* Sources */,
				4EA856871D8BAA04009ABB40 /* Frameworks */,
				4EA856881D8BAA04009ABB40 /* Resources */,
			);
			buildRules = (
			);
			dependencies = (
			);
			name = MDTest;
			productName = MDTest;
			productReference = 4EA8568A1D8BAA04009ABB40 /* MDTest.app */;
			productType = "com.apple.product-type.application";
		};
		4EA8569F1D8BAA04009ABB40 /* MDTestTests */ = {
			isa = PBXNativeTarget;
			buildConfigurationList = 4EA856B71D8BAA04009ABB40 /* Build configuration list for PBXNativeTarget "MDTestTests" */;
			buildPhases = (
				4EA8569C1D8BAA04009ABB40 /* Sources */,
				4EA8569D1D8BAA04009ABB40 /* Frameworks */,
				4EA8569E1D8BAA04009ABB40 /* Resources */,
			);
			buildRules = (
			);
			dependencies = (
				4EA856A21D8BAA04009ABB40 /* PBXTargetDependency */,
			);
			name = MDTestTests;
			productName = MDTestTests;
			productReference = 4EA856A01D8BAA04009ABB40 /* MDTestTests.xctest */;
			productType = "com.apple.product-type.bundle.unit-test";
		};
		4EA856AA1D8BAA04009ABB40 /* MDTestUITests */ = {
			isa = PBXNativeTarget;
			buildConfigurationList = 4EA856BA1D8BAA04009ABB40 /* Build configuration list for PBXNativeTarget "MDTestUITests" */;
			buildPhases = (
				4EA856A71D8BAA04009ABB40 /* Sources */,
				4EA856A81D8BAA04009ABB40 /* Frameworks */,
				4EA856A91D8BAA04009ABB40 /* Resources */,
			);
			buildRules = (
			);
			dependencies = (
				4EA856AD1D8BAA04009ABB40 /* PBXTargetDependency */,
			);
			name = MDTestUITests;
			productName = MDTestUITests;
			productReference = 4EA856AB1D8BAA04009ABB40 /* MDTestUITests.xctest */;
			productType = "com.apple.product-type.bundle.ui-testing";
		};
/* End PBXNativeTarget section */

/* Begin PBXProject section */
		4EA856821D8BAA04009ABB40 /* Project object */ = {
			isa = PBXProject;
			attributes = {
				LastSwiftUpdateCheck = 0730;
				LastUpgradeCheck = 0730;
				ORGANIZATIONNAME = "Gene Backlin";
				TargetAttributes = {
					4EA856891D8BAA04009ABB40 = {
						CreatedOnToolsVersion = 7.3.1;
					};
					4EA8569F1D8BAA04009ABB40 = {
						CreatedOnToolsVersion = 7.3.1;
						TestTargetID = 4EA856891D8BAA04009ABB40;
					};
					4EA856AA1D8BAA04009ABB40 = {
						CreatedOnToolsVersion = 7.3.1;
						TestTargetID = 4EA856891D8BAA04009ABB40;
					};
				};
			};
			buildConfigurationList = 4EA856851D8BAA04009ABB40 /* Build configuration list for PBXProject "MDTest" */;
			compatibilityVersion = "Xcode 3.2";
			developmentRegion = English;
			hasScannedForEncodings = 0;
			knownRegions = (
				en,
				Base,
			);
			mainGroup = 4EA856811D8BAA04009ABB40;
			productRefGroup = 4EA8568B1D8BAA04009ABB40 /* Products */;
			projectDirPath = "";
			projectRoot = "";
			targets = (
				4EA856891D8BAA04009ABB40 /* MDTest */,
				4EA8569F1D8BAA04009ABB40 /* MDTestTests */,
				4EA856AA1D8BAA04009ABB40 /* MDTestUITests */,
			);
		};
/* End PBXProject section */

/* Begin PBXResourcesBuildPhase section */
		4EA856881D8BAA04009ABB40 /* Resources */ = {
			isa = PBXResourcesBuildPhase;
			buildActionMask = 2147483647;
			files = (
				4EA8569A1D8BAA04009ABB40 /* LaunchScreen.storyboard in Resources */,
				4EA856971D8BAA04009ABB40 /* Assets.xcassets in Resources */,
				4EA856951D8BAA04009ABB40 /* Main.storyboard in Resources */,
			);
			runOnlyForDeploymentPostprocessing = 0;
		};
		4EA8569E1D8BAA04009ABB40 /* Resources */ = {
			isa = PBXResourcesBuildPhase;
			buildActionMask = 2147483647;
			files = (
			);
			runOnlyForDeploymentPostprocessing = 0;
		};
		4EA856A91D8BAA04009ABB40 /* Resources */ = {
			isa = PBXResourcesBuildPhase;
			buildActionMask = 2147483647;
			files = (
			);
			runOnlyForDeploymentPostprocessing = 0;
		};
/* End PBXResourcesBuildPhase section */

/* Begin PBXSourcesBuildPhase section */
		4EA856861D8BAA04009ABB40 /* Sources */ = {
			isa = PBXSourcesBuildPhase;
			buildActionMask = 2147483647;
			files = (
				4EA856921D8BAA04009ABB40 /* DetailViewController.swift in Sources */,
				4EA856901D8BAA04009ABB40 /* MasterViewController.swift in Sources */,
				4EA8568E1D8BAA04009ABB40 /* AppDelegate.swift in Sources */,
			);
			runOnlyForDeploymentPostprocessing = 0;
		};
		4EA8569C1D8BAA04009ABB40 /* Sources */ = {
			isa = PBXSourcesBuildPhase;
			buildActionMask = 2147483647;
			files = (
				4EA856A51D8BAA04009ABB40 /* MDTestTests.swift in Sources */,
			);
			runOnlyForDeploymentPostprocessing = 0;
		};
		4EA856A71D8BAA04009ABB40 /* Sources */ = {
			isa = PBXSourcesBuildPhase;
			buildActionMask = 2147483647;
			files = (
				4EA856B01D8BAA04009ABB40 /* MDTestUITests.swift in Sources */,
			);
			runOnlyForDeploymentPostprocessing = 0;
		};
/* End PBXSourcesBuildPhase section */

/* Begin PBXTargetDependency section */
		4EA856A21D8BAA04009ABB40 /* PBXTargetDependency */ = {
			isa = PBXTargetDependency;
			target = 4EA856891D8BAA04009ABB40 /* MDTest */;
			targetProxy = 4EA856A11D8BAA04009ABB40 /* PBXContainerItemProxy */;
		};
		4EA856AD1D8BAA04009ABB40 /* PBXTargetDependency */ = {
			isa = PBXTargetDependency;
			target = 4EA856891D8BAA04009ABB40 /* MDTest */;
			targetProxy = 4EA856AC1D8BAA04009ABB40 /* PBXContainerItemProxy */;
		};
/* End PBXTargetDependency section */

/* Begin PBXVariantGroup section */
		4EA856931D8BAA04009ABB40 /* Main.storyboard */ = {
			isa = PBXVariantGroup;
			children = (
				4EA856941D8BAA04009ABB40 /* Base */,
			);
			name = Main.storyboard;
			sourceTree = "<group>";
		};
		4EA856981D8BAA04009ABB40 /* LaunchScreen.storyboard */ = {
			isa = PBXVariantGroup;
			children = (
				4EA856991D8BAA04009ABB40 /* Base */,
			);
			name = LaunchScreen.storyboard;
			sourceTree = "<group>";
		};
/* End PBXVariantGroup section */

/* Begin XCBuildConfiguration section */
		4EA856B21D8BAA04009ABB40 /* Debug */ = {
			isa = XCBuildConfiguration;
			buildSettings = {
				ALWAYS_SEARCH_USER_PATHS = NO;
				CLANG_ANALYZER_NONNULL = YES;
				CLANG_CXX_LANGUAGE_STANDARD = "gnu++0x";
				CLANG_CXX_LIBRARY = "libc++";
				CLANG_ENABLE_MODULES = YES;
				CLANG_ENABLE_OBJC_ARC = YES;
				CLANG_WARN_BOOL_CONVERSION = YES;
				CLANG_WARN_CONSTANT_CONVERSION = YES;
				CLANG_WARN_DIRECT_OBJC_ISA_USAGE = YES_ERROR;
				CLANG_WARN_EMPTY_BODY = YES;
				CLANG_WARN_ENUM_CONVERSION = YES;
				CLANG_WARN_INT_CONVERSION = YES;
				CLANG_WARN_OBJC_ROOT_CLASS = YES_ERROR;
				CLANG_WARN_UNREACHABLE_CODE = YES;
				CLANG_WARN__DUPLICATE_METHOD_MATCH = YES;
				"CODE_SIGN_IDENTITY[sdk=iphoneos*]" = "iPhone Developer";
				COPY_PHASE_STRIP = NO;
				DEBUG_INFORMATION_FORMAT = dwarf;
				ENABLE_STRICT_OBJC_MSGSEND = YES;
				ENABLE_TESTABILITY = YES;
				GCC_C_LANGUAGE_STANDARD = gnu99;
				GCC_DYNAMIC_NO_PIC = NO;
				GCC_NO_COMMON_BLOCKS = YES;
				GCC_OPTIMIZATION_LEVEL = 0;
				GCC_PREPROCESSOR_DEFINITIONS = (
					"DEBUG=1",
					"$(inherited)",
				);
				GCC_WARN_64_TO_32_BIT_CONVERSION = YES;
				GCC_WARN_ABOUT_RETURN_TYPE = YES_ERROR;
				GCC_WARN_UNDECLARED_SELECTOR = YES;
				GCC_WARN_UNINITIALIZED_AUTOS = YES_AGGRESSIVE;
				GCC_WARN_UNUSED_FUNCTION = YES;
				GCC_WARN_UNUSED_VARIABLE = YES;
				IPHONEOS_DEPLOYMENT_TARGET = 9.3;
				MTL_ENABLE_DEBUG_INFO = YES;
				ONLY_ACTIVE_ARCH = YES;
				SDKROOT = iphoneos;
				SWIFT_OPTIMIZATION_LEVEL = "-Onone";
			};
			name = Debug;
		};
		4EA856B31D8BAA04009ABB40 /* Release */ = {
			isa = XCBuildConfiguration;
			buildSettings = {
				ALWAYS_SEARCH_USER_PATHS = NO;
				CLANG_ANALYZER_NONNULL = YES;
				CLANG_CXX_LANGUAGE_STANDARD = "gnu++0x";
				CLANG_CXX_LIBRARY = "libc++";
				CLANG_ENABLE_MODULES = YES;
				CLANG_ENABLE_OBJC_ARC = YES;
				CLANG_WARN_BOOL_CONVERSION = YES;
				CLANG_WARN_CONSTANT_CONVERSION = YES;
				CLANG_WARN_DIRECT_OBJC_ISA_USAGE = YES_ERROR;
				CLANG_WARN_EMPTY_BODY = YES;
				CLANG_WARN_ENUM_CONVERSION = YES;
				CLANG_WARN_INT_CONVERSION = YES;
				CLANG_WARN_OBJC_ROOT_CLASS = YES_ERROR;
				CLANG_WARN_UNREACHABLE_CODE = YES;
				CLANG_WARN__DUPLICATE_METHOD_MATCH = YES;
				"CODE_SIGN_IDENTITY[sdk=iphoneos*]" = "iPhone Developer";
				COPY_PHASE_STRIP = NO;
				DEBUG_INFORMATION_FORMAT = "dwarf-with-dsym";
				ENABLE_NS_ASSERTIONS = NO;
				ENABLE_STRICT_OBJC_MSGSEND = YES;
				GCC_C_LANGUAGE_STANDARD = gnu99;
				GCC_NO_COMMON_BLOCKS = YES;
				GCC_WARN_64_TO_32_BIT_CONVERSION = YES;
				GCC_WARN_ABOUT_RETURN_TYPE = YES_ERROR;
				GCC_WARN_UNDECLARED_SELECTOR = YES;
				GCC_WARN_UNINITIALIZED_AUTOS = YES_AGGRESSIVE;
				GCC_WARN_UNUSED_FUNCTION = YES;
				GCC_WARN_UNUSED_VARIABLE = YES;
				IPHONEOS_DEPLOYMENT_TARGET = 9.3;
				MTL_ENABLE_DEBUG_INFO = NO;
				SDKROOT = iphoneos;
				VALIDATE_PRODUCT = YES;
			};
			name = Release;
		};
		4EA856B51D8BAA04009ABB40 /* Debug */ = {
			isa = XCBuildConfiguration;
			buildSettings = {
				ASSETCATALOG_COMPILER_APPICON_NAME = AppIcon;
				INFOPLIST_FILE = MDTest/Info.plist;
				LD_RUNPATH_SEARCH_PATHS = "$(inherited) @executable_path/Frameworks";
				PRODUCT_BUNDLE_IDENTIFIER = com.marizack.MDTest;
				PRODUCT_NAME = "$(TARGET_NAME)";
			};
			name = Debug;
		};
		4EA856B61D8BAA04009ABB40 /* Release */ = {
			isa = XCBuildConfiguration;
			buildSettings = {
				ASSETCATALOG_COMPILER_APPICON_NAME = AppIcon;
				INFOPLIST_FILE = MDTest/Info.plist;
				LD_RUNPATH_SEARCH_PATHS = "$(inherited) @executable_path/Frameworks";
				PRODUCT_BUNDLE_IDENTIFIER = com.marizack.MDTest;
				PRODUCT_NAME = "$(TARGET_NAME)";
			};
			name = Release;
		};
		4EA856B81D8BAA04009ABB40 /* Debug */ = {
			isa = XCBuildConfiguration;
			buildSettings = {
				BUNDLE_LOADER = "$(TEST_HOST)";
				INFOPLIST_FILE = MDTestTests/Info.plist;
				LD_RUNPATH_SEARCH_PATHS = "$(inherited) @executable_path/Frameworks @loader_path/Frameworks";
				PRODUCT_BUNDLE_IDENTIFIER = com.marizack.MDTestTests;
				PRODUCT_NAME = "$(TARGET_NAME)";
				TEST_HOST = "$(BUILT_PRODUCTS_DIR)/MDTest.app/MDTest";
			};
			name = Debug;
		};
		4EA856B91D8BAA04009ABB40 /* Release */ = {
			isa = XCBuildConfiguration;
			buildSettings = {
				BUNDLE_LOADER = "$(TEST_HOST)";
				INFOPLIST_FILE = MDTestTests/Info.plist;
				LD_RUNPATH_SEARCH_PATHS = "$(inherited) @executable_path/Frameworks @loader_path/Frameworks";
				PRODUCT_BUNDLE_IDENTIFIER = com.marizack.MDTestTests;
				PRODUCT_NAME = "$(TARGET_NAME)";
				TEST_HOST = "$(BUILT_PRODUCTS_DIR)/MDTest.app/MDTest";
			};
			name = Release;
		};
		4EA856BB1D8BAA04009ABB40 /* Debug */ = {
			isa = XCBuildConfiguration;
			buildSettings = {
				INFOPLIST_FILE = MDTestUITests/Info.plist;
				LD_RUNPATH_SEARCH_PATHS = "$(inherited) @executable_path/Frameworks @loader_path/Frameworks";
				PRODUCT_BUNDLE_IDENTIFIER = com.marizack.MDTestUITests;
				PRODUCT_NAME = "$(TARGET_NAME)";
				TEST_TARGET_NAME = MDTest;
			};
			name = Debug;
		};
		4EA856BC1D8BAA04009ABB40 /* Release */ = {
			isa = XCBuildConfiguration;
			buildSettings = {
				INFOPLIST_FILE = MDTestUITests/Info.plist;
				LD_RUNPATH_SEARCH_PATHS = "$(inherited) @executable_path/Frameworks @loader_path/Frameworks";
				PRODUCT_BUNDLE_IDENTIFIER = com.marizack.MDTestUITests;
				PRODUCT_NAME = "$(TARGET_NAME)";
				TEST_TARGET_NAME = MDTest;
			};
			name = Release;
		};
/* End XCBuildConfiguration section */

/* Begin XCConfigurationList section */
		4EA856851D8BAA04009ABB40 /* Build configuration list for PBXProject "MDTest" */ = {
			isa = XCConfigurationList;
			buildConfigurations = (
				4EA856B21D8BAA04009ABB40 /* Debug */,
				4EA856B31D8BAA04009ABB40 /* Release */,
			);
			defaultConfigurationIsVisible = 0;
			defaultConfigurationName = Release;
		};
		4EA856B41D8BAA04009ABB40 /* Build configuration list for PBXNativeTarget "MDTest" */ = {
			isa = XCConfigurationList;
			buildConfigurations = (
				4EA856B51D8BAA04009ABB40 /* Debug */,
				4EA856B61D8BAA04009ABB40 /* Release */,
			);
			defaultConfigurationIsVisible = 0;
		};
		4EA856B71D8BAA04009ABB40 /* Build configuration list for PBXNativeTarget "MDTestTests" */ = {
			isa = XCConfigurationList;
			buildConfigurations = (
				4EA856B81D8BAA04009ABB40 /* Debug */,
				4EA856B91D8BAA04009ABB40 /* Release */,
			);
			defaultConfigurationIsVisible = 0;
		};
		4EA856BA1D8BAA04009ABB40 /* Build configuration list for PBXNativeTarget "MDTestUITests" */ = {
			isa = XCConfigurationList;
			buildConfigurations = (
				4EA856BB1D8BAA04009ABB40 /* Debug */,
				4EA856BC1D8BAA04009ABB40 /* Release */,
			);
			defaultConfigurationIsVisible = 0;
		};
/* End XCConfigurationList section */
	};
	rootObject = 4EA856821D8BAA04009ABB40 /* Project object */;
}
