// !$*UTF8*$!
{
	archiveVersion = 1;
	classes = {
	};
	objectVersion = 46;
	objects = {

/* Begin PBXBuildFile section */
		4EEF717B1D8BBDFB00CB0045 /* AppDelegate.swift in Sources */ = {isa = PBXBuildFile; fileRef = 4EEF717A1D8BBDFB00CB0045 /* AppDelegate.swift */; };
		4EEF717D1D8BBDFB00CB0045 /* MasterViewController.swift in Sources */ = {isa = PBXBuildFile; fileRef = 4EEF717C1D8BBDFB00CB0045 /* MasterViewController.swift */; };
		4EEF717F1D8BBDFB00CB0045 /* DetailViewController.swift in Sources */ = {isa = PBXBuildFile; fileRef = 4EEF717E1D8BBDFB00CB0045 /* DetailViewController.swift */; };
		4EEF71821D8BBDFB00CB0045 /* Main.storyboard in Resources */ = {isa = PBXBuildFile; fileRef = 4EEF71801D8BBDFB00CB0045 /* Main.storyboard */; };
		4EEF71841D8BBDFB00CB0045 /* Assets.xcassets in Resources */ = {isa = PBXBuildFile; fileRef = 4EEF71831D8BBDFB00CB0045 /* Assets.xcassets */; };
		4EEF71871D8BBDFB00CB0045 /* LaunchScreen.storyboard in Resources */ = {isa = PBXBuildFile; fileRef = 4EEF71851D8BBDFB00CB0045 /* LaunchScreen.storyboard */; };
		4EEF71921D8BBDFB00CB0045 /* MDTestTests.swift in Sources */ = {isa = PBXBuildFile; fileRef = 4EEF71911D8BBDFB00CB0045 /* MDTestTests.swift */; };
		4EEF719D1D8BBDFB00CB0045 /* MDTestUITests.swift in Sources */ = {isa = PBXBuildFile; fileRef = 4EEF719C1D8BBDFB00CB0045 /* MDTestUITests.swift */; };
		4EEF71C61D8BCC0100CB0045 /* MDTestFramework.framework in Frameworks */ = {isa = PBXBuildFile; fileRef = 4EEF71C51D8BCC0100CB0045 /* MDTestFramework.framework */; };
/* End PBXBuildFile section */

/* Begin PBXContainerItemProxy section */
		4EEF718E1D8BBDFB00CB0045 /* PBXContainerItemProxy */ = {
			isa = PBXContainerItemProxy;
			containerPortal = 4EEF716F1D8BBDFB00CB0045 /* Project object */;
			proxyType = 1;
			remoteGlobalIDString = 4EEF71761D8BBDFB00CB0045;
			remoteInfo = MDTest;
		};
		4EEF71991D8BBDFB00CB0045 /* PBXContainerItemProxy */ = {
			isa = PBXContainerItemProxy;
			containerPortal = 4EEF716F1D8BBDFB00CB0045 /* Project object */;
			proxyType = 1;
			remoteGlobalIDString = 4EEF71761D8BBDFB00CB0045;
			remoteInfo = MDTest;
		};
/* End PBXContainerItemProxy section */

/* Begin PBXCopyFilesBuildPhase section */
		4EEF71AF1D8BC27500CB0045 /* Embed Frameworks */ = {
			isa = PBXCopyFilesBuildPhase;
			buildActionMask = 2147483647;
			dstPath = "";
			dstSubfolderSpec = 10;
			files = (
			);
			name = "Embed Frameworks";
			runOnlyForDeploymentPostprocessing = 0;
		};
/* End PBXCopyFilesBuildPhase section */

/* Begin PBXFileReference section */
		4EEF71771D8BBDFB00CB0045 /* MDTest.app */ = {isa = PBXFileReference; explicitFileType = wrapper.application; includeInIndex = 0; path = MDTest.app; sourceTree = BUILT_PRODUCTS_DIR; };
		4EEF717A1D8BBDFB00CB0045 /* AppDelegate.swift */ = {isa = PBXFileReference; lastKnownFileType = sourcecode.swift; path = AppDelegate.swift; sourceTree = "<group>"; };
		4EEF717C1D8BBDFB00CB0045 /* MasterViewController.swift */ = {isa = PBXFileReference; lastKnownFileType = sourcecode.swift; path = MasterViewController.swift; sourceTree = "<group>"; };
		4EEF717E1D8BBDFB00CB0045 /* DetailViewController.swift */ = {isa = PBXFileReference; lastKnownFileType = sourcecode.swift; path = DetailViewController.swift; sourceTree = "<group>"; };
		4EEF71811D8BBDFB00CB0045 /* Base */ = {isa = PBXFileReference; lastKnownFileType = file.storyboard; name = Base; path = Base.lproj/Main.storyboard; sourceTree = "<group>"; };
		4EEF71831D8BBDFB00CB0045 /* Assets.xcassets */ = {isa = PBXFileReference; lastKnownFileType = folder.assetcatalog; path = Assets.xcassets; sourceTree = "<group>"; };
		4EEF71861D8BBDFB00CB0045 /* Base */ = {isa = PBXFileReference; lastKnownFileType = file.storyboard; name = Base; path = Base.lproj/LaunchScreen.storyboard; sourceTree = "<group>"; };
		4EEF71881D8BBDFB00CB0045 /* Info.plist */ = {isa = PBXFileReference; lastKnownFileType = text.plist.xml; path = Info.plist; sourceTree = "<group>"; };
		4EEF718D1D8BBDFB00CB0045 /* MDTestTests.xctest */ = {isa = PBXFileReference; explicitFileType = wrapper.cfbundle; includeInIndex = 0; path = MDTestTests.xctest; sourceTree = BUILT_PRODUCTS_DIR; };
		4EEF71911D8BBDFB00CB0045 /* MDTestTests.swift */ = {isa = PBXFileReference; lastKnownFileType = sourcecode.swift; path = MDTestTests.swift; sourceTree = "<group>"; };
		4EEF71931D8BBDFB00CB0045 /* Info.plist */ = {isa = PBXFileReference; lastKnownFileType = text.plist.xml; path = Info.plist; sourceTree = "<group>"; };
		4EEF71981D8BBDFB00CB0045 /* MDTestUITests.xctest */ = {isa = PBXFileReference; explicitFileType = wrapper.cfbundle; includeInIndex = 0; path = MDTestUITests.xctest; sourceTree = BUILT_PRODUCTS_DIR; };
		4EEF719C1D8BBDFB00CB0045 /* MDTestUITests.swift */ = {isa = PBXFileReference; lastKnownFileType = sourcecode.swift; path = MDTestUITests.swift; sourceTree = "<group>"; };
		4EEF719E1D8BBDFB00CB0045 /* Info.plist */ = {isa = PBXFileReference; lastKnownFileType = text.plist.xml; path = Info.plist; sourceTree = "<group>"; };
		4EEF71C51D8BCC0100CB0045 /* MDTestFramework.framework */ = {isa = PBXFileReference; lastKnownFileType = wrapper.framework; name = MDTestFramework.framework; path = ../GreenhouseFramework/MDTestFramework/Frameworks/MDTestFramework.framework; sourceTree = "<group>"; };
/* End PBXFileReference section */

/* Begin PBXFrameworksBuildPhase section */
		4EEF71741D8BBDFB00CB0045 /* Frameworks */ = {
			isa = PBXFrameworksBuildPhase;
			buildActionMask = 2147483647;
			files = (
				4EEF71C61D8BCC0100CB0045 /* MDTestFramework.framework in Frameworks */,
			);
			runOnlyForDeploymentPostprocessing = 0;
		};
		4EEF718A1D8BBDFB00CB0045 /* Frameworks */ = {
			isa = PBXFrameworksBuildPhase;
			buildActionMask = 2147483647;
			files = (
			);
			runOnlyForDeploymentPostprocessing = 0;
		};
		4EEF71951D8BBDFB00CB0045 /* Frameworks */ = {
			isa = PBXFrameworksBuildPhase;
			buildActionMask = 2147483647;
			files = (
			);
			runOnlyForDeploymentPostprocessing = 0;
		};
/* End PBXFrameworksBuildPhase section */

/* Begin PBXGroup section */
		4EEF716E1D8BBDFB00CB0045 = {
			isa = PBXGroup;
			children = (
				4EEF71B01D8BC27B00CB0045 /* Embedded Frameworks */,
				4EEF71791D8BBDFB00CB0045 /* MDTest */,
				4EEF71901D8BBDFB00CB0045 /* MDTestTests */,
				4EEF719B1D8BBDFB00CB0045 /* MDTestUITests */,
				4EEF71781D8BBDFB00CB0045 /* Products */,
			);
			sourceTree = "<group>";
		};
		4EEF71781D8BBDFB00CB0045 /* Products */ = {
			isa = PBXGroup;
			children = (
				4EEF71771D8BBDFB00CB0045 /* MDTest.app */,
				4EEF718D1D8BBDFB00CB0045 /* MDTestTests.xctest */,
				4EEF71981D8BBDFB00CB0045 /* MDTestUITests.xctest */,
			);
			name = Products;
			sourceTree = "<group>";
		};
		4EEF71791D8BBDFB00CB0045 /* MDTest */ = {
			isa = PBXGroup;
			children = (
				4EEF717A1D8BBDFB00CB0045 /* AppDelegate.swift */,
				4EEF717C1D8BBDFB00CB0045 /* MasterViewController.swift */,
				4EEF717E1D8BBDFB00CB0045 /* DetailViewController.swift */,
				4EEF71801D8BBDFB00CB0045 /* Main.storyboard */,
				4EEF71831D8BBDFB00CB0045 /* Assets.xcassets */,
				4EEF71851D8BBDFB00CB0045 /* LaunchScreen.storyboard */,
				4EEF71881D8BBDFB00CB0045 /* Info.plist */,
			);
			path = MDTest;
			sourceTree = "<group>";
		};
		4EEF71901D8BBDFB00CB0045 /* MDTestTests */ = {
			isa = PBXGroup;
			children = (
				4EEF71911D8BBDFB00CB0045 /* MDTestTests.swift */,
				4EEF71931D8BBDFB00CB0045 /* Info.plist */,
			);
			path = MDTestTests;
			sourceTree = "<group>";
		};
		4EEF719B1D8BBDFB00CB0045 /* MDTestUITests */ = {
			isa = PBXGroup;
			children = (
				4EEF719C1D8BBDFB00CB0045 /* MDTestUITests.swift */,
				4EEF719E1D8BBDFB00CB0045 /* Info.plist */,
			);
			path = MDTestUITests;
			sourceTree = "<group>";
		};
		4EEF71B01D8BC27B00CB0045 /* Embedded Frameworks */ = {
			isa = PBXGroup;
			children = (
				4EEF71C51D8BCC0100CB0045 /* MDTestFramework.framework */,
			);
			name = "Embedded Frameworks";
			sourceTree = "<group>";
		};
/* End PBXGroup section */

/* Begin PBXNativeTarget section */
		4EEF71761D8BBDFB00CB0045 /* MDTest */ = {
			isa = PBXNativeTarget;
			buildConfigurationList = 4EEF71A11D8BBDFB00CB0045 /* Build configuration list for PBXNativeTarget "MDTest" */;
			buildPhases = (
				4EEF71731D8BBDFB00CB0045 /* Sources */,
				4EEF71741D8BBDFB00CB0045 /* Frameworks */,
				4EEF71751D8BBDFB00CB0045 /* Resources */,
				4EEF71AF1D8BC27500CB0045 /* Embed Frameworks */,
			);
			buildRules = (
			);
			dependencies = (
			);
			name = MDTest;
			productName = MDTest;
			productReference = 4EEF71771D8BBDFB00CB0045 /* MDTest.app */;
			productType = "com.apple.product-type.application";
		};
		4EEF718C1D8BBDFB00CB0045 /* MDTestTests */ = {
			isa = PBXNativeTarget;
			buildConfigurationList = 4EEF71A41D8BBDFB00CB0045 /* Build configuration list for PBXNativeTarget "MDTestTests" */;
			buildPhases = (
				4EEF71891D8BBDFB00CB0045 /* Sources */,
				4EEF718A1D8BBDFB00CB0045 /* Frameworks */,
				4EEF718B1D8BBDFB00CB0045 /* Resources */,
			);
			buildRules = (
			);
			dependencies = (
				4EEF718F1D8BBDFB00CB0045 /* PBXTargetDependency */,
			);
			name = MDTestTests;
			productName = MDTestTests;
			productReference = 4EEF718D1D8BBDFB00CB0045 /* MDTestTests.xctest */;
			productType = "com.apple.product-type.bundle.unit-test";
		};
		4EEF71971D8BBDFB00CB0045 /* MDTestUITests */ = {
			isa = PBXNativeTarget;
			buildConfigurationList = 4EEF71A71D8BBDFB00CB0045 /* Build configuration list for PBXNativeTarget "MDTestUITests" */;
			buildPhases = (
				4EEF71941D8BBDFB00CB0045 /* Sources */,
				4EEF71951D8BBDFB00CB0045 /* Frameworks */,
				4EEF71961D8BBDFB00CB0045 /* Resources */,
			);
			buildRules = (
			);
			dependencies = (
				4EEF719A1D8BBDFB00CB0045 /* PBXTargetDependency */,
			);
			name = MDTestUITests;
			productName = MDTestUITests;
			productReference = 4EEF71981D8BBDFB00CB0045 /* MDTestUITests.xctest */;
			productType = "com.apple.product-type.bundle.ui-testing";
		};
/* End PBXNativeTarget section */

/* Begin PBXProject section */
		4EEF716F1D8BBDFB00CB0045 /* Project object */ = {
			isa = PBXProject;
			attributes = {
				LastSwiftUpdateCheck = 0800;
				LastUpgradeCheck = 0800;
				ORGANIZATIONNAME = "Gene Backlin";
				TargetAttributes = {
					4EEF71761D8BBDFB00CB0045 = {
						CreatedOnToolsVersion = 8.0;
						DevelopmentTeam = 8DT5Y3HP4L;
						ProvisioningStyle = Automatic;
					};
					4EEF718C1D8BBDFB00CB0045 = {
						CreatedOnToolsVersion = 8.0;
						DevelopmentTeam = 8DT5Y3HP4L;
						ProvisioningStyle = Automatic;
						TestTargetID = 4EEF71761D8BBDFB00CB0045;
					};
					4EEF71971D8BBDFB00CB0045 = {
						CreatedOnToolsVersion = 8.0;
						DevelopmentTeam = 8DT5Y3HP4L;
						ProvisioningStyle = Automatic;
						TestTargetID = 4EEF71761D8BBDFB00CB0045;
					};
				};
			};
			buildConfigurationList = 4EEF71721D8BBDFB00CB0045 /* Build configuration list for PBXProject "MDTest" */;
			compatibilityVersion = "Xcode 3.2";
			developmentRegion = English;
			hasScannedForEncodings = 0;
			knownRegions = (
				en,
				Base,
			);
			mainGroup = 4EEF716E1D8BBDFB00CB0045;
			productRefGroup = 4EEF71781D8BBDFB00CB0045 /* Products */;
			projectDirPath = "";
			projectRoot = "";
			targets = (
				4EEF71761D8BBDFB00CB0045 /* MDTest */,
				4EEF718C1D8BBDFB00CB0045 /* MDTestTests */,
				4EEF71971D8BBDFB00CB0045 /* MDTestUITests */,
			);
		};
/* End PBXProject section */

/* Begin PBXResourcesBuildPhase section */
		4EEF71751D8BBDFB00CB0045 /* Resources */ = {
			isa = PBXResourcesBuildPhase;
			buildActionMask = 2147483647;
			files = (
				4EEF71871D8BBDFB00CB0045 /* LaunchScreen.storyboard in Resources */,
				4EEF71841D8BBDFB00CB0045 /* Assets.xcassets in Resources */,
				4EEF71821D8BBDFB00CB0045 /* Main.storyboard in Resources */,
			);
			runOnlyForDeploymentPostprocessing = 0;
		};
		4EEF718B1D8BBDFB00CB0045 /* Resources */ = {
			isa = PBXResourcesBuildPhase;
			buildActionMask = 2147483647;
			files = (
			);
			runOnlyForDeploymentPostprocessing = 0;
		};
		4EEF71961D8BBDFB00CB0045 /* Resources */ = {
			isa = PBXResourcesBuildPhase;
			buildActionMask = 2147483647;
			files = (
			);
			runOnlyForDeploymentPostprocessing = 0;
		};
/* End PBXResourcesBuildPhase section */

/* Begin PBXSourcesBuildPhase section */
		4EEF71731D8BBDFB00CB0045 /* Sources */ = {
			isa = PBXSourcesBuildPhase;
			buildActionMask = 2147483647;
			files = (
				4EEF717F1D8BBDFB00CB0045 /* DetailViewController.swift in Sources */,
				4EEF717D1D8BBDFB00CB0045 /* MasterViewController.swift in Sources */,
				4EEF717B1D8BBDFB00CB0045 /* AppDelegate.swift in Sources */,
			);
			runOnlyForDeploymentPostprocessing = 0;
		};
		4EEF71891D8BBDFB00CB0045 /* Sources */ = {
			isa = PBXSourcesBuildPhase;
			buildActionMask = 2147483647;
			files = (
				4EEF71921D8BBDFB00CB0045 /* MDTestTests.swift in Sources */,
			);
			runOnlyForDeploymentPostprocessing = 0;
		};
		4EEF71941D8BBDFB00CB0045 /* Sources */ = {
			isa = PBXSourcesBuildPhase;
			buildActionMask = 2147483647;
			files = (
				4EEF719D1D8BBDFB00CB0045 /* MDTestUITests.swift in Sources */,
			);
			runOnlyForDeploymentPostprocessing = 0;
		};
/* End PBXSourcesBuildPhase section */

/* Begin PBXTargetDependency section */
		4EEF718F1D8BBDFB00CB0045 /* PBXTargetDependency */ = {
			isa = PBXTargetDependency;
			target = 4EEF71761D8BBDFB00CB0045 /* MDTest */;
			targetProxy = 4EEF718E1D8BBDFB00CB0045 /* PBXContainerItemProxy */;
		};
		4EEF719A1D8BBDFB00CB0045 /* PBXTargetDependency */ = {
			isa = PBXTargetDependency;
			target = 4EEF71761D8BBDFB00CB0045 /* MDTest */;
			targetProxy = 4EEF71991D8BBDFB00CB0045 /* PBXContainerItemProxy */;
		};
/* End PBXTargetDependency section */

/* Begin PBXVariantGroup section */
		4EEF71801D8BBDFB00CB0045 /* Main.storyboard */ = {
			isa = PBXVariantGroup;
			children = (
				4EEF71811D8BBDFB00CB0045 /* Base */,
			);
			name = Main.storyboard;
			sourceTree = "<group>";
		};
		4EEF71851D8BBDFB00CB0045 /* LaunchScreen.storyboard */ = {
			isa = PBXVariantGroup;
			children = (
				4EEF71861D8BBDFB00CB0045 /* Base */,
			);
			name = LaunchScreen.storyboard;
			sourceTree = "<group>";
		};
/* End PBXVariantGroup section */

/* Begin XCBuildConfiguration section */
		4EEF719F1D8BBDFB00CB0045 /* Debug */ = {
			isa = XCBuildConfiguration;
			buildSettings = {
				ALWAYS_SEARCH_USER_PATHS = NO;
				CLANG_ANALYZER_NONNULL = YES;
				CLANG_CXX_LANGUAGE_STANDARD = "gnu++0x";
				CLANG_CXX_LIBRARY = "libc++";
				CLANG_ENABLE_MODULES = YES;
				CLANG_ENABLE_OBJC_ARC = YES;
				CLANG_WARN_BOOL_CONVERSION = YES;
				CLANG_WARN_CONSTANT_CONVERSION = YES;
				CLANG_WARN_DIRECT_OBJC_ISA_USAGE = YES_ERROR;
				CLANG_WARN_DOCUMENTATION_COMMENTS = YES;
				CLANG_WARN_EMPTY_BODY = YES;
				CLANG_WARN_ENUM_CONVERSION = YES;
				CLANG_WARN_INFINITE_RECURSION = YES;
				CLANG_WARN_INT_CONVERSION = YES;
				CLANG_WARN_OBJC_ROOT_CLASS = YES_ERROR;
				CLANG_WARN_SUSPICIOUS_MOVES = YES;
				CLANG_WARN_UNREACHABLE_CODE = YES;
				CLANG_WARN__DUPLICATE_METHOD_MATCH = YES;
				"CODE_SIGN_IDENTITY[sdk=iphoneos*]" = "iPhone Developer";
				COPY_PHASE_STRIP = NO;
				DEBUG_INFORMATION_FORMAT = dwarf;
				ENABLE_STRICT_OBJC_MSGSEND = YES;
				ENABLE_TESTABILITY = YES;
				GCC_C_LANGUAGE_STANDARD = gnu99;
				GCC_DYNAMIC_NO_PIC = NO;
				GCC_NO_COMMON_BLOCKS = YES;
				GCC_OPTIMIZATION_LEVEL = 0;
				GCC_PREPROCESSOR_DEFINITIONS = (
					"DEBUG=1",
					"$(inherited)",
				);
				GCC_WARN_64_TO_32_BIT_CONVERSION = YES;
				GCC_WARN_ABOUT_RETURN_TYPE = YES_ERROR;
				GCC_WARN_UNDECLARED_SELECTOR = YES;
				GCC_WARN_UNINITIALIZED_AUTOS = YES_AGGRESSIVE;
				GCC_WARN_UNUSED_FUNCTION = YES;
				GCC_WARN_UNUSED_VARIABLE = YES;
				IPHONEOS_DEPLOYMENT_TARGET = 10.0;
				MTL_ENABLE_DEBUG_INFO = YES;
				ONLY_ACTIVE_ARCH = YES;
				SDKROOT = iphoneos;
				SWIFT_ACTIVE_COMPILATION_CONDITIONS = DEBUG;
				SWIFT_OPTIMIZATION_LEVEL = "-Onone";
			};
			name = Debug;
		};
		4EEF71A01D8BBDFB00CB0045 /* Release */ = {
			isa = XCBuildConfiguration;
			buildSettings = {
				ALWAYS_SEARCH_USER_PATHS = NO;
				CLANG_ANALYZER_NONNULL = YES;
				CLANG_CXX_LANGUAGE_STANDARD = "gnu++0x";
				CLANG_CXX_LIBRARY = "libc++";
				CLANG_ENABLE_MODULES = YES;
				CLANG_ENABLE_OBJC_ARC = YES;
				CLANG_WARN_BOOL_CONVERSION = YES;
				CLANG_WARN_CONSTANT_CONVERSION = YES;
				CLANG_WARN_DIRECT_OBJC_ISA_USAGE = YES_ERROR;
				CLANG_WARN_DOCUMENTATION_COMMENTS = YES;
				CLANG_WARN_EMPTY_BODY = YES;
				CLANG_WARN_ENUM_CONVERSION = YES;
				CLANG_WARN_INFINITE_RECURSION = YES;
				CLANG_WARN_INT_CONVERSION = YES;
				CLANG_WARN_OBJC_ROOT_CLASS = YES_ERROR;
				CLANG_WARN_SUSPICIOUS_MOVES = YES;
				CLANG_WARN_UNREACHABLE_CODE = YES;
				CLANG_WARN__DUPLICATE_METHOD_MATCH = YES;
				"CODE_SIGN_IDENTITY[sdk=iphoneos*]" = "iPhone Developer";
				COPY_PHASE_STRIP = NO;
				DEBUG_INFORMATION_FORMAT = "dwarf-with-dsym";
				ENABLE_NS_ASSERTIONS = NO;
				ENABLE_STRICT_OBJC_MSGSEND = YES;
				GCC_C_LANGUAGE_STANDARD = gnu99;
				GCC_NO_COMMON_BLOCKS = YES;
				GCC_WARN_64_TO_32_BIT_CONVERSION = YES;
				GCC_WARN_ABOUT_RETURN_TYPE = YES_ERROR;
				GCC_WARN_UNDECLARED_SELECTOR = YES;
				GCC_WARN_UNINITIALIZED_AUTOS = YES_AGGRESSIVE;
				GCC_WARN_UNUSED_FUNCTION = YES;
				GCC_WARN_UNUSED_VARIABLE = YES;
				IPHONEOS_DEPLOYMENT_TARGET = 10.0;
				MTL_ENABLE_DEBUG_INFO = NO;
				SDKROOT = iphoneos;
				SWIFT_OPTIMIZATION_LEVEL = "-Owholemodule";
				VALIDATE_PRODUCT = YES;
			};
			name = Release;
		};
		4EEF71A21D8BBDFB00CB0045 /* Debug */ = {
			isa = XCBuildConfiguration;
			buildSettings = {
				ASSETCATALOG_COMPILER_APPICON_NAME = AppIcon;
				DEVELOPMENT_TEAM = 8DT5Y3HP4L;
				INFOPLIST_FILE = MDTest/Info.plist;
				LD_RUNPATH_SEARCH_PATHS = "$(inherited) @executable_path/Frameworks";
				ONLY_ACTIVE_ARCH = NO;
				PRODUCT_BUNDLE_IDENTIFIER = com.marizack.MDTest;
				PRODUCT_NAME = "$(TARGET_NAME)";
				SWIFT_VERSION = 3.0;
			};
			name = Debug;
		};
		4EEF71A31D8BBDFB00CB0045 /* Release */ = {
			isa = XCBuildConfiguration;
			buildSettings = {
				ASSETCATALOG_COMPILER_APPICON_NAME = AppIcon;
				DEVELOPMENT_TEAM = 8DT5Y3HP4L;
				INFOPLIST_FILE = MDTest/Info.plist;
				LD_RUNPATH_SEARCH_PATHS = "$(inherited) @executable_path/Frameworks";
				PRODUCT_BUNDLE_IDENTIFIER = com.marizack.MDTest;
				PRODUCT_NAME = "$(TARGET_NAME)";
				SWIFT_VERSION = 3.0;
			};
			name = Release;
		};
		4EEF71A51D8BBDFB00CB0045 /* Debug */ = {
			isa = XCBuildConfiguration;
			buildSettings = {
				ALWAYS_EMBED_SWIFT_STANDARD_LIBRARIES = YES;
				BUNDLE_LOADER = "$(TEST_HOST)";
				DEVELOPMENT_TEAM = 8DT5Y3HP4L;
				INFOPLIST_FILE = MDTestTests/Info.plist;
				LD_RUNPATH_SEARCH_PATHS = "$(inherited) @executable_path/Frameworks @loader_path/Frameworks";
				PRODUCT_BUNDLE_IDENTIFIER = com.marizack.MDTestTests;
				PRODUCT_NAME = "$(TARGET_NAME)";
				SWIFT_VERSION = 3.0;
				TEST_HOST = "$(BUILT_PRODUCTS_DIR)/MDTest.app/MDTest";
			};
			name = Debug;
		};
		4EEF71A61D8BBDFB00CB0045 /* Release */ = {
			isa = XCBuildConfiguration;
			buildSettings = {
				ALWAYS_EMBED_SWIFT_STANDARD_LIBRARIES = YES;
				BUNDLE_LOADER = "$(TEST_HOST)";
				DEVELOPMENT_TEAM = 8DT5Y3HP4L;
				INFOPLIST_FILE = MDTestTests/Info.plist;
				LD_RUNPATH_SEARCH_PATHS = "$(inherited) @executable_path/Frameworks @loader_path/Frameworks";
				PRODUCT_BUNDLE_IDENTIFIER = com.marizack.MDTestTests;
				PRODUCT_NAME = "$(TARGET_NAME)";
				SWIFT_VERSION = 3.0;
				TEST_HOST = "$(BUILT_PRODUCTS_DIR)/MDTest.app/MDTest";
			};
			name = Release;
		};
		4EEF71A81D8BBDFB00CB0045 /* Debug */ = {
			isa = XCBuildConfiguration;
			buildSettings = {
				ALWAYS_EMBED_SWIFT_STANDARD_LIBRARIES = YES;
				DEVELOPMENT_TEAM = 8DT5Y3HP4L;
				INFOPLIST_FILE = MDTestUITests/Info.plist;
				LD_RUNPATH_SEARCH_PATHS = "$(inherited) @executable_path/Frameworks @loader_path/Frameworks";
				PRODUCT_BUNDLE_IDENTIFIER = com.marizack.MDTestUITests;
				PRODUCT_NAME = "$(TARGET_NAME)";
				SWIFT_VERSION = 3.0;
				TEST_TARGET_NAME = MDTest;
			};
			name = Debug;
		};
		4EEF71A91D8BBDFB00CB0045 /* Release */ = {
			isa = XCBuildConfiguration;
			buildSettings = {
				ALWAYS_EMBED_SWIFT_STANDARD_LIBRARIES = YES;
				DEVELOPMENT_TEAM = 8DT5Y3HP4L;
				INFOPLIST_FILE = MDTestUITests/Info.plist;
				LD_RUNPATH_SEARCH_PATHS = "$(inherited) @executable_path/Frameworks @loader_path/Frameworks";
				PRODUCT_BUNDLE_IDENTIFIER = com.marizack.MDTestUITests;
				PRODUCT_NAME = "$(TARGET_NAME)";
				SWIFT_VERSION = 3.0;
				TEST_TARGET_NAME = MDTest;
			};
			name = Release;
		};
/* End XCBuildConfiguration section */

/* Begin XCConfigurationList section */
		4EEF71721D8BBDFB00CB0045 /* Build configuration list for PBXProject "MDTest" */ = {
			isa = XCConfigurationList;
			buildConfigurations = (
				4EEF719F1D8BBDFB00CB0045 /* Debug */,
				4EEF71A01D8BBDFB00CB0045 /* Release */,
			);
			defaultConfigurationIsVisible = 0;
			defaultConfigurationName = Release;
		};
		4EEF71A11D8BBDFB00CB0045 /* Build configuration list for PBXNativeTarget "MDTest" */ = {
			isa = XCConfigurationList;
			buildConfigurations = (
				4EEF71A21D8BBDFB00CB0045 /* Debug */,
				4EEF71A31D8BBDFB00CB0045 /* Release */,
			);
			defaultConfigurationIsVisible = 0;
			defaultConfigurationName = Release;
		};
		4EEF71A41D8BBDFB00CB0045 /* Build configuration list for PBXNativeTarget "MDTestTests" */ = {
			isa = XCConfigurationList;
			buildConfigurations = (
				4EEF71A51D8BBDFB00CB0045 /* Debug */,
				4EEF71A61D8BBDFB00CB0045 /* Release */,
			);
			defaultConfigurationIsVisible = 0;
			defaultConfigurationName = Release;
		};
		4EEF71A71D8BBDFB00CB0045 /* Build configuration list for PBXNativeTarget "MDTestUITests" */ = {
			isa = XCConfigurationList;
			buildConfigurations = (
				4EEF71A81D8BBDFB00CB0045 /* Debug */,
				4EEF71A91D8BBDFB00CB0045 /* Release */,
			);
			defaultConfigurationIsVisible = 0;
			defaultConfigurationName = Release;
		};
/* End XCConfigurationList section */
	};
	rootObject = 4EEF716F1D8BBDFB00CB0045 /* Project object */;
}
